
Microsoft Visual Studio Solution File, Format Version 12.00
# Visual Studio Version 17
VisualStudioVersion = 17.14.36327.8 d17.14
MinimumVisualStudioVersion = 10.0.40219.1
Project("{FAE04EC0-301F-11D3-BF4B-00C04F79EFBC}") = "LMArena", "LMArena\LMArena.csproj", "{B5834149-781B-4CF2-BBBF-F2F901D81941}"
EndProject
Global
	GlobalSection(SolutionConfigurationPlatforms) = preSolution
		Debug|ARM = Debug|ARM
		Debug|ARM64 = Debug|ARM64
		Debug|x64 = Debug|x64
		Debug|x86 = Debug|x86
		Release|ARM = Release|ARM
		Release|ARM64 = Release|ARM64
		Release|x64 = Release|x64
		Release|x86 = Release|x86
	EndGlobalSection
	GlobalSection(ProjectConfigurationPlatforms) = postSolution
		{B5834149-781B-4CF2-BBBF-F2F901D81941}.Debug|ARM.ActiveCfg = Debug|ARM
		{B5834149-781B-4CF2-BBBF-F2F901D81941}.Debug|ARM.Build.0 = Debug|ARM
		{B5834149-781B-4CF2-BBBF-F2F901D81941}.Debug|ARM.Deploy.0 = Debug|ARM
		{B5834149-781B-4CF2-BBBF-F2F901D81941}.Debug|ARM64.ActiveCfg = Debug|ARM64
		{B5834149-781B-4CF2-BBBF-F2F901D81941}.Debug|ARM64.Build.0 = Debug|ARM64
		{B5834149-781B-4CF2-BBBF-F2F901D81941}.Debug|ARM64.Deploy.0 = Debug|ARM64
		{B5834149-781B-4CF2-BBBF-F2F901D81941}.Debug|x64.ActiveCfg = Debug|x64
		{B5834149-781B-4CF2-BBBF-F2F901D81941}.Debug|x64.Build.0 = Debug|x64
		{B5834149-781B-4CF2-BBBF-F2F901D81941}.Debug|x64.Deploy.0 = Debug|x64
		{B5834149-781B-4CF2-BBBF-F2F901D81941}.Debug|x86.ActiveCfg = Debug|x86
		{B5834149-781B-4CF2-BBBF-F2F901D81941}.Debug|x86.Build.0 = Debug|x86
		{B5834149-781B-4CF2-BBBF-F2F901D81941}.Debug|x86.Deploy.0 = Debug|x86
		{B5834149-781B-4CF2-BBBF-F2F901D81941}.Release|ARM.ActiveCfg = Release|ARM
		{B5834149-781B-4CF2-BBBF-F2F901D81941}.Release|ARM.Build.0 = Release|ARM
		{B5834149-781B-4CF2-BBBF-F2F901D81941}.Release|ARM.Deploy.0 = Release|ARM
		{B5834149-781B-4CF2-BBBF-F2F901D81941}.Release|ARM64.ActiveCfg = Release|ARM64
		{B5834149-781B-4CF2-BBBF-F2F901D81941}.Release|ARM64.Build.0 = Release|ARM64
		{B5834149-781B-4CF2-BBBF-F2F901D81941}.Release|ARM64.Deploy.0 = Release|ARM64
		{B5834149-781B-4CF2-BBBF-F2F901D81941}.Release|x64.ActiveCfg = Release|x64
		{B5834149-781B-4CF2-BBBF-F2F901D81941}.Release|x64.Build.0 = Release|x64
		{B5834149-781B-4CF2-BBBF-F2F901D81941}.Release|x64.Deploy.0 = Release|x64
		{B5834149-781B-4CF2-BBBF-F2F901D81941}.Release|x86.ActiveCfg = Release|x86
		{B5834149-781B-4CF2-BBBF-F2F901D81941}.Release|x86.Build.0 = Release|x86
		{B5834149-781B-4CF2-BBBF-F2F901D81941}.Release|x86.Deploy.0 = Release|x86
	EndGlobalSection
	GlobalSection(SolutionProperties) = preSolution
		HideSolutionNode = FALSE
	EndGlobalSection
	GlobalSection(ExtensibilityGlobals) = postSolution
		SolutionGuid = {CD2DF1C4-FB24-4450-BE76-4CE7FD0B1627}
	EndGlobalSection
EndGlobal
